// !$*UTF8*$!
{
	archiveVersion = 1;
	classes = {
	};
	objectVersion = 46;
	objects = {

/* Begin PBXBuildFile section */
		963B012219614C6200DC1C2E /* DanielsKit.framework in Frameworks */ = {isa = PBXBuildFile; fileRef = 96CE99FA19614C1200D53DDA /* DanielsKit.framework */; };
		963B013419614CD200DC1C2E /* BezierKit.framework in Frameworks */ = {isa = PBXBuildFile; fileRef = 963B012D19614CC200DC1C2E /* BezierKit.framework */; };
		963B0145196163EB00DC1C2E /* KVGParser.swift in Sources */ = {isa = PBXBuildFile; fileRef = 963B0144196163EB00DC1C2E /* KVGParser.swift */; };
		963B0146196163EB00DC1C2E /* KVGParser.swift in Sources */ = {isa = PBXBuildFile; fileRef = 963B0144196163EB00DC1C2E /* KVGParser.swift */; };
		963B01481961686000DC1C2E /* 09078.svg in Resources */ = {isa = PBXBuildFile; fileRef = 963B01471961686000DC1C2E /* 09078.svg */; };
		964CB75E1960B2FB00E0C075 /* KanjiVGKit.h in Headers */ = {isa = PBXBuildFile; fileRef = 964CB75D1960B2FB00E0C075 /* KanjiVGKit.h */; settings = {ATTRIBUTES = (Public, ); }; };
		964CB7641960B2FB00E0C075 /* KanjiVGKit.framework in Frameworks */ = {isa = PBXBuildFile; fileRef = 964CB7581960B2FB00E0C075 /* KanjiVGKit.framework */; };
		964CB76B1960B2FB00E0C075 /* KanjiVGKitTests.swift in Sources */ = {isa = PBXBuildFile; fileRef = 964CB76A1960B2FB00E0C075 /* KanjiVGKitTests.swift */; };
		964CB7B01960B4D800E0C075 /* KVGElement.swift in Sources */ = {isa = PBXBuildFile; fileRef = 964CB7AD1960B4D800E0C075 /* KVGElement.swift */; };
		964CB7B11960B4D800E0C075 /* KVGElement.swift in Sources */ = {isa = PBXBuildFile; fileRef = 964CB7AD1960B4D800E0C075 /* KVGElement.swift */; };
		964CB7B21960B4D800E0C075 /* KVGEntry.swift in Sources */ = {isa = PBXBuildFile; fileRef = 964CB7AE1960B4D800E0C075 /* KVGEntry.swift */; };
		964CB7B31960B4D800E0C075 /* KVGEntry.swift in Sources */ = {isa = PBXBuildFile; fileRef = 964CB7AE1960B4D800E0C075 /* KVGEntry.swift */; };
		964CB7B41960B4D800E0C075 /* KVGStroke.swift in Sources */ = {isa = PBXBuildFile; fileRef = 964CB7AF1960B4D800E0C075 /* KVGStroke.swift */; };
		964CB7B51960B4D800E0C075 /* KVGStroke.swift in Sources */ = {isa = PBXBuildFile; fileRef = 964CB7AF1960B4D800E0C075 /* KVGStroke.swift */; };
		96AF68A419616AD1008D1E43 /* KVGStroke.swift in Headers */ = {isa = PBXBuildFile; fileRef = 964CB7AF1960B4D800E0C075 /* KVGStroke.swift */; };
		96AF68BA19619309008D1E43 /* Foundation.framework in Frameworks */ = {isa = PBXBuildFile; fileRef = 96AF68B919619309008D1E43 /* Foundation.framework */; };
/* End PBXBuildFile section */

/* Begin PBXContainerItemProxy section */
		963B012319614C6900DC1C2E /* PBXContainerItemProxy */ = {
			isa = PBXContainerItemProxy;
			containerPortal = 96CE99F419614C1200D53DDA /* DanielsKit.xcodeproj */;
			proxyType = 1;
			remoteGlobalIDString = 964CB7CC1960B8AF00E0C075;
			remoteInfo = DanielsKit;
		};
		963B012C19614CC200DC1C2E /* PBXContainerItemProxy */ = {
			isa = PBXContainerItemProxy;
			containerPortal = 963B012519614CC200DC1C2E /* BezierKit.xcodeproj */;
			proxyType = 2;
			remoteGlobalIDString = 964CB7881960B49200E0C075;
			remoteInfo = BezierKit;
		};
		963B012E19614CC200DC1C2E /* PBXContainerItemProxy */ = {
			isa = PBXContainerItemProxy;
			containerPortal = 963B012519614CC200DC1C2E /* BezierKit.xcodeproj */;
			proxyType = 2;
			remoteGlobalIDString = 964CB7931960B49200E0C075;
			remoteInfo = BezierKitTests;
		};
		963B013019614CC200DC1C2E /* PBXContainerItemProxy */ = {
			isa = PBXContainerItemProxy;
			containerPortal = 963B012519614CC200DC1C2E /* BezierKit.xcodeproj */;
			proxyType = 2;
			remoteGlobalIDString = 964CB80B1960BF8C00E0C075;
			remoteInfo = BezierKitExample;
		};
		964CB7651960B2FB00E0C075 /* PBXContainerItemProxy */ = {
			isa = PBXContainerItemProxy;
			containerPortal = 964CB74F1960B2FB00E0C075 /* Project object */;
			proxyType = 1;
			remoteGlobalIDString = 964CB7571960B2FB00E0C075;
			remoteInfo = KanjiVGKit;
		};
		96AF68B7196192FC008D1E43 /* PBXContainerItemProxy */ = {
			isa = PBXContainerItemProxy;
			containerPortal = 963B012519614CC200DC1C2E /* BezierKit.xcodeproj */;
			proxyType = 1;
			remoteGlobalIDString = 964CB7871960B49200E0C075;
			remoteInfo = BezierKit;
		};
		96CE99F919614C1200D53DDA /* PBXContainerItemProxy */ = {
			isa = PBXContainerItemProxy;
			containerPortal = 96CE99F419614C1200D53DDA /* DanielsKit.xcodeproj */;
			proxyType = 2;
			remoteGlobalIDString = 964CB7CD1960B8AF00E0C075;
			remoteInfo = DanielsKit;
		};
		96CE99FB19614C1200D53DDA /* PBXContainerItemProxy */ = {
			isa = PBXContainerItemProxy;
			containerPortal = 96CE99F419614C1200D53DDA /* DanielsKit.xcodeproj */;
			proxyType = 2;
			remoteGlobalIDString = 964CB7D81960B8AF00E0C075;
			remoteInfo = DanielsKitTests;
		};
/* End PBXContainerItemProxy section */

/* Begin PBXFileReference section */
		963B012519614CC200DC1C2E /* BezierKit.xcodeproj */ = {isa = PBXFileReference; lastKnownFileType = "wrapper.pb-project"; name = BezierKit.xcodeproj; path = ../BezierKit/BezierKit.xcodeproj; sourceTree = "<group>"; };
		963B0144196163EB00DC1C2E /* KVGParser.swift */ = {isa = PBXFileReference; fileEncoding = 4; lastKnownFileType = sourcecode.swift; path = KVGParser.swift; sourceTree = "<group>"; };
		963B01471961686000DC1C2E /* 09078.svg */ = {isa = PBXFileReference; fileEncoding = 4; lastKnownFileType = text.xml; name = 09078.svg; path = ../KanjiVGKit/09078.svg; sourceTree = "<group>"; };
		964CB7581960B2FB00E0C075 /* KanjiVGKit.framework */ = {isa = PBXFileReference; explicitFileType = wrapper.framework; includeInIndex = 0; path = KanjiVGKit.framework; sourceTree = BUILT_PRODUCTS_DIR; };
		964CB75C1960B2FB00E0C075 /* Info.plist */ = {isa = PBXFileReference; lastKnownFileType = text.plist.xml; path = Info.plist; sourceTree = "<group>"; };
		964CB75D1960B2FB00E0C075 /* KanjiVGKit.h */ = {isa = PBXFileReference; lastKnownFileType = sourcecode.c.h; path = KanjiVGKit.h; sourceTree = "<group>"; };
		964CB7631960B2FB00E0C075 /* KanjiVGKitTests.xctest */ = {isa = PBXFileReference; explicitFileType = wrapper.cfbundle; includeInIndex = 0; path = KanjiVGKitTests.xctest; sourceTree = BUILT_PRODUCTS_DIR; };
		964CB7691960B2FB00E0C075 /* Info.plist */ = {isa = PBXFileReference; lastKnownFileType = text.plist.xml; path = Info.plist; sourceTree = "<group>"; };
		964CB76A1960B2FB00E0C075 /* KanjiVGKitTests.swift */ = {isa = PBXFileReference; lastKnownFileType = sourcecode.swift; path = KanjiVGKitTests.swift; sourceTree = "<group>"; };
		964CB7AD1960B4D800E0C075 /* KVGElement.swift */ = {isa = PBXFileReference; fileEncoding = 4; lastKnownFileType = sourcecode.swift; path = KVGElement.swift; sourceTree = "<group>"; };
		964CB7AE1960B4D800E0C075 /* KVGEntry.swift */ = {isa = PBXFileReference; fileEncoding = 4; lastKnownFileType = sourcecode.swift; path = KVGEntry.swift; sourceTree = "<group>"; };
		964CB7AF1960B4D800E0C075 /* KVGStroke.swift */ = {isa = PBXFileReference; fileEncoding = 4; lastKnownFileType = sourcecode.swift; path = KVGStroke.swift; sourceTree = "<group>"; };
		96AF68B919619309008D1E43 /* Foundation.framework */ = {isa = PBXFileReference; lastKnownFileType = wrapper.framework; name = Foundation.framework; path = System/Library/Frameworks/Foundation.framework; sourceTree = SDKROOT; };
		96CE99F419614C1200D53DDA /* DanielsKit.xcodeproj */ = {isa = PBXFileReference; lastKnownFileType = "wrapper.pb-project"; name = DanielsKit.xcodeproj; path = ../DanielsKit/DanielsKit.xcodeproj; sourceTree = "<group>"; };
/* End PBXFileReference section */

/* Begin PBXFrameworksBuildPhase section */
		964CB7541960B2FB00E0C075 /* Frameworks */ = {
			isa = PBXFrameworksBuildPhase;
			buildActionMask = 2147483647;
			files = (
				96AF68BA19619309008D1E43 /* Foundation.framework in Frameworks */,
				963B012219614C6200DC1C2E /* DanielsKit.framework in Frameworks */,
				963B013419614CD200DC1C2E /* BezierKit.framework in Frameworks */,
			);
			runOnlyForDeploymentPostprocessing = 0;
		};
		964CB7601960B2FB00E0C075 /* Frameworks */ = {
			isa = PBXFrameworksBuildPhase;
			buildActionMask = 2147483647;
			files = (
				964CB7641960B2FB00E0C075 /* KanjiVGKit.framework in Frameworks */,
			);
			runOnlyForDeploymentPostprocessing = 0;
		};
/* End PBXFrameworksBuildPhase section */

/* Begin PBXGroup section */
		963B012619614CC200DC1C2E /* Products */ = {
			isa = PBXGroup;
			children = (
				963B012D19614CC200DC1C2E /* BezierKit.framework */,
				963B012F19614CC200DC1C2E /* BezierKitTests.xctest */,
				963B013119614CC200DC1C2E /* BezierKitExample.app */,
			);
			name = Products;
			sourceTree = "<group>";
		};
		964CB74E1960B2FB00E0C075 = {
			isa = PBXGroup;
			children = (
				96AF68B919619309008D1E43 /* Foundation.framework */,
				963B012519614CC200DC1C2E /* BezierKit.xcodeproj */,
				96CE99F419614C1200D53DDA /* DanielsKit.xcodeproj */,
				964CB75A1960B2FB00E0C075 /* KanjiVGKit */,
				964CB7671960B2FB00E0C075 /* KanjiVGKitTests */,
				964CB7591960B2FB00E0C075 /* Products */,
			);
			sourceTree = "<group>";
		};
		964CB7591960B2FB00E0C075 /* Products */ = {
			isa = PBXGroup;
			children = (
				964CB7581960B2FB00E0C075 /* KanjiVGKit.framework */,
				964CB7631960B2FB00E0C075 /* KanjiVGKitTests.xctest */,
			);
			name = Products;
			sourceTree = "<group>";
		};
		964CB75A1960B2FB00E0C075 /* KanjiVGKit */ = {
			isa = PBXGroup;
			children = (
				964CB75D1960B2FB00E0C075 /* KanjiVGKit.h */,
				963B0144196163EB00DC1C2E /* KVGParser.swift */,
				964CB7AD1960B4D800E0C075 /* KVGElement.swift */,
				964CB7AE1960B4D800E0C075 /* KVGEntry.swift */,
				964CB7AF1960B4D800E0C075 /* KVGStroke.swift */,
				964CB75B1960B2FB00E0C075 /* Supporting Files */,
			);
			path = KanjiVGKit;
			sourceTree = "<group>";
		};
		964CB75B1960B2FB00E0C075 /* Supporting Files */ = {
			isa = PBXGroup;
			children = (
				964CB75C1960B2FB00E0C075 /* Info.plist */,
			);
			name = "Supporting Files";
			sourceTree = "<group>";
		};
		964CB7671960B2FB00E0C075 /* KanjiVGKitTests */ = {
			isa = PBXGroup;
			children = (
				964CB76A1960B2FB00E0C075 /* KanjiVGKitTests.swift */,
				963B01471961686000DC1C2E /* 09078.svg */,
				964CB7681960B2FB00E0C075 /* Supporting Files */,
			);
			path = KanjiVGKitTests;
			sourceTree = "<group>";
		};
		964CB7681960B2FB00E0C075 /* Supporting Files */ = {
			isa = PBXGroup;
			children = (
				964CB7691960B2FB00E0C075 /* Info.plist */,
			);
			name = "Supporting Files";
			sourceTree = "<group>";
		};
		96CE99F519614C1200D53DDA /* Products */ = {
			isa = PBXGroup;
			children = (
				96CE99FA19614C1200D53DDA /* DanielsKit.framework */,
				96CE99FC19614C1200D53DDA /* DanielsKitTests.xctest */,
			);
			name = Products;
			sourceTree = "<group>";
		};
/* End PBXGroup section */

/* Begin PBXHeadersBuildPhase section */
		964CB7551960B2FB00E0C075 /* Headers */ = {
			isa = PBXHeadersBuildPhase;
			buildActionMask = 2147483647;
			files = (
				964CB75E1960B2FB00E0C075 /* KanjiVGKit.h in Headers */,
				96AF68A419616AD1008D1E43 /* KVGStroke.swift in Headers */,
			);
			runOnlyForDeploymentPostprocessing = 0;
		};
/* End PBXHeadersBuildPhase section */

/* Begin PBXNativeTarget section */
		964CB7571960B2FB00E0C075 /* KanjiVGKit */ = {
			isa = PBXNativeTarget;
			buildConfigurationList = 964CB76E1960B2FB00E0C075 /* Build configuration list for PBXNativeTarget "KanjiVGKit" */;
			buildPhases = (
				964CB7531960B2FB00E0C075 /* Sources */,
				964CB7541960B2FB00E0C075 /* Frameworks */,
				964CB7551960B2FB00E0C075 /* Headers */,
				964CB7561960B2FB00E0C075 /* Resources */,
			);
			buildRules = (
			);
			dependencies = (
				96AF68B8196192FC008D1E43 /* PBXTargetDependency */,
				963B012419614C6900DC1C2E /* PBXTargetDependency */,
			);
			name = KanjiVGKit;
			productName = KanjiVGKit;
			productReference = 964CB7581960B2FB00E0C075 /* KanjiVGKit.framework */;
			productType = "com.apple.product-type.framework";
		};
		964CB7621960B2FB00E0C075 /* KanjiVGKitTests */ = {
			isa = PBXNativeTarget;
			buildConfigurationList = 964CB7711960B2FB00E0C075 /* Build configuration list for PBXNativeTarget "KanjiVGKitTests" */;
			buildPhases = (
				964CB75F1960B2FB00E0C075 /* Sources */,
				964CB7601960B2FB00E0C075 /* Frameworks */,
				964CB7611960B2FB00E0C075 /* Resources */,
			);
			buildRules = (
			);
			dependencies = (
				964CB7661960B2FB00E0C075 /* PBXTargetDependency */,
			);
			name = KanjiVGKitTests;
			productName = KanjiVGKitTests;
			productReference = 964CB7631960B2FB00E0C075 /* KanjiVGKitTests.xctest */;
			productType = "com.apple.product-type.bundle.unit-test";
		};
/* End PBXNativeTarget section */

/* Begin PBXProject section */
		964CB74F1960B2FB00E0C075 /* Project object */ = {
			isa = PBXProject;
			attributes = {
				LastUpgradeCheck = 0600;
				ORGANIZATIONNAME = "Daniel Schlaug";
				TargetAttributes = {
					964CB7571960B2FB00E0C075 = {
						CreatedOnToolsVersion = 6.0;
						DevelopmentTeam = M2N24428T4;
					};
					964CB7621960B2FB00E0C075 = {
						CreatedOnToolsVersion = 6.0;
						TestTargetID = 964CB7571960B2FB00E0C075;
					};
				};
			};
			buildConfigurationList = 964CB7521960B2FB00E0C075 /* Build configuration list for PBXProject "KanjiVGKit" */;
			compatibilityVersion = "Xcode 3.2";
			developmentRegion = English;
			hasScannedForEncodings = 0;
			knownRegions = (
				en,
			);
			mainGroup = 964CB74E1960B2FB00E0C075;
			productRefGroup = 964CB7591960B2FB00E0C075 /* Products */;
			projectDirPath = "";
			projectReferences = (
				{
					ProductGroup = 963B012619614CC200DC1C2E /* Products */;
					ProjectRef = 963B012519614CC200DC1C2E /* BezierKit.xcodeproj */;
				},
				{
					ProductGroup = 96CE99F519614C1200D53DDA /* Products */;
					ProjectRef = 96CE99F419614C1200D53DDA /* DanielsKit.xcodeproj */;
				},
			);
			projectRoot = "";
			targets = (
				964CB7571960B2FB00E0C075 /* KanjiVGKit */,
				964CB7621960B2FB00E0C075 /* KanjiVGKitTests */,
			);
		};
/* End PBXProject section */

/* Begin PBXReferenceProxy section */
		963B012D19614CC200DC1C2E /* BezierKit.framework */ = {
			isa = PBXReferenceProxy;
			fileType = wrapper.framework;
			path = BezierKit.framework;
			remoteRef = 963B012C19614CC200DC1C2E /* PBXContainerItemProxy */;
			sourceTree = BUILT_PRODUCTS_DIR;
		};
		963B012F19614CC200DC1C2E /* BezierKitTests.xctest */ = {
			isa = PBXReferenceProxy;
			fileType = wrapper.cfbundle;
			path = BezierKitTests.xctest;
			remoteRef = 963B012E19614CC200DC1C2E /* PBXContainerItemProxy */;
			sourceTree = BUILT_PRODUCTS_DIR;
		};
		963B013119614CC200DC1C2E /* BezierKitExample.app */ = {
			isa = PBXReferenceProxy;
			fileType = wrapper.application;
			path = BezierKitExample.app;
			remoteRef = 963B013019614CC200DC1C2E /* PBXContainerItemProxy */;
			sourceTree = BUILT_PRODUCTS_DIR;
		};
		96CE99FA19614C1200D53DDA /* DanielsKit.framework */ = {
			isa = PBXReferenceProxy;
			fileType = wrapper.framework;
			path = DanielsKit.framework;
			remoteRef = 96CE99F919614C1200D53DDA /* PBXContainerItemProxy */;
			sourceTree = BUILT_PRODUCTS_DIR;
		};
		96CE99FC19614C1200D53DDA /* DanielsKitTests.xctest */ = {
			isa = PBXReferenceProxy;
			fileType = wrapper.cfbundle;
			path = DanielsKitTests.xctest;
			remoteRef = 96CE99FB19614C1200D53DDA /* PBXContainerItemProxy */;
			sourceTree = BUILT_PRODUCTS_DIR;
		};
/* End PBXReferenceProxy section */

/* Begin PBXResourcesBuildPhase section */
		964CB7561960B2FB00E0C075 /* Resources */ = {
			isa = PBXResourcesBuildPhase;
			buildActionMask = 2147483647;
			files = (
			);
			runOnlyForDeploymentPostprocessing = 0;
		};
		964CB7611960B2FB00E0C075 /* Resources */ = {
			isa = PBXResourcesBuildPhase;
			buildActionMask = 2147483647;
			files = (
				963B01481961686000DC1C2E /* 09078.svg in Resources */,
			);
			runOnlyForDeploymentPostprocessing = 0;
		};
/* End PBXResourcesBuildPhase section */

/* Begin PBXSourcesBuildPhase section */
		964CB7531960B2FB00E0C075 /* Sources */ = {
			isa = PBXSourcesBuildPhase;
			buildActionMask = 2147483647;
			files = (
				964CB7B01960B4D800E0C075 /* KVGElement.swift in Sources */,
				964CB7B41960B4D800E0C075 /* KVGStroke.swift in Sources */,
				964CB7B21960B4D800E0C075 /* KVGEntry.swift in Sources */,
				963B0145196163EB00DC1C2E /* KVGParser.swift in Sources */,
			);
			runOnlyForDeploymentPostprocessing = 0;
		};
		964CB75F1960B2FB00E0C075 /* Sources */ = {
			isa = PBXSourcesBuildPhase;
			buildActionMask = 2147483647;
			files = (
				964CB76B1960B2FB00E0C075 /* KanjiVGKitTests.swift in Sources */,
				963B0146196163EB00DC1C2E /* KVGParser.swift in Sources */,
				964CB7B31960B4D800E0C075 /* KVGEntry.swift in Sources */,
				964CB7B51960B4D800E0C075 /* KVGStroke.swift in Sources */,
				964CB7B11960B4D800E0C075 /* KVGElement.swift in Sources */,
			);
			runOnlyForDeploymentPostprocessing = 0;
		};
/* End PBXSourcesBuildPhase section */

/* Begin PBXTargetDependency section */
		963B012419614C6900DC1C2E /* PBXTargetDependency */ = {
			isa = PBXTargetDependency;
			name = DanielsKit;
			targetProxy = 963B012319614C6900DC1C2E /* PBXContainerItemProxy */;
		};
		964CB7661960B2FB00E0C075 /* PBXTargetDependency */ = {
			isa = PBXTargetDependency;
			target = 964CB7571960B2FB00E0C075 /* KanjiVGKit */;
			targetProxy = 964CB7651960B2FB00E0C075 /* PBXContainerItemProxy */;
		};
		96AF68B8196192FC008D1E43 /* PBXTargetDependency */ = {
			isa = PBXTargetDependency;
			name = BezierKit;
			targetProxy = 96AF68B7196192FC008D1E43 /* PBXContainerItemProxy */;
		};
/* End PBXTargetDependency section */

/* Begin XCBuildConfiguration section */
		964CB76C1960B2FB00E0C075 /* Debug */ = {
			isa = XCBuildConfiguration;
			buildSettings = {
				ALWAYS_SEARCH_USER_PATHS = NO;
				CLANG_CXX_LANGUAGE_STANDARD = "gnu++0x";
				CLANG_CXX_LIBRARY = "libc++";
				CLANG_ENABLE_MODULES = YES;
				CLANG_ENABLE_OBJC_ARC = YES;
				CLANG_WARN_BOOL_CONVERSION = YES;
				CLANG_WARN_CONSTANT_CONVERSION = YES;
				CLANG_WARN_DIRECT_OBJC_ISA_USAGE = YES_ERROR;
				CLANG_WARN_EMPTY_BODY = YES;
				CLANG_WARN_ENUM_CONVERSION = YES;
				CLANG_WARN_INT_CONVERSION = YES;
				CLANG_WARN_OBJC_ROOT_CLASS = YES_ERROR;
				CLANG_WARN_UNREACHABLE_CODE = YES;
				CLANG_WARN__DUPLICATE_METHOD_MATCH = YES;
				"CODE_SIGN_IDENTITY[sdk=iphoneos*]" = "iPhone Developer";
				COPY_PHASE_STRIP = NO;
				CURRENT_PROJECT_VERSION = 1;
				ENABLE_STRICT_OBJC_MSGSEND = YES;
				GCC_C_LANGUAGE_STANDARD = gnu99;
				GCC_DYNAMIC_NO_PIC = NO;
				GCC_OPTIMIZATION_LEVEL = 0;
				GCC_PREPROCESSOR_DEFINITIONS = (
					"DEBUG=1",
					"$(inherited)",
				);
				GCC_SYMBOLS_PRIVATE_EXTERN = NO;
				GCC_WARN_64_TO_32_BIT_CONVERSION = YES;
				GCC_WARN_ABOUT_RETURN_TYPE = YES_ERROR;
				GCC_WARN_UNDECLARED_SELECTOR = YES;
				GCC_WARN_UNINITIALIZED_AUTOS = YES_AGGRESSIVE;
				GCC_WARN_UNUSED_FUNCTION = YES;
				GCC_WARN_UNUSED_VARIABLE = YES;
				IPHONEOS_DEPLOYMENT_TARGET = 8.0;
				METAL_ENABLE_DEBUG_INFO = YES;
				ONLY_ACTIVE_ARCH = YES;
				SDKROOT = iphoneos;
				SWIFT_INSTALL_OBJC_HEADER = NO;
				SWIFT_OPTIMIZATION_LEVEL = "-Onone";
				TARGETED_DEVICE_FAMILY = "1,2";
				VERSIONING_SYSTEM = "apple-generic";
				VERSION_INFO_PREFIX = "";
			};
			name = Debug;
		};
		964CB76D1960B2FB00E0C075 /* Release */ = {
			isa = XCBuildConfiguration;
			buildSettings = {
				ALWAYS_SEARCH_USER_PATHS = NO;
				CLANG_CXX_LANGUAGE_STANDARD = "gnu++0x";
				CLANG_CXX_LIBRARY = "libc++";
				CLANG_ENABLE_MODULES = YES;
				CLANG_ENABLE_OBJC_ARC = YES;
				CLANG_WARN_BOOL_CONVERSION = YES;
				CLANG_WARN_CONSTANT_CONVERSION = YES;
				CLANG_WARN_DIRECT_OBJC_ISA_USAGE = YES_ERROR;
				CLANG_WARN_EMPTY_BODY = YES;
				CLANG_WARN_ENUM_CONVERSION = YES;
				CLANG_WARN_INT_CONVERSION = YES;
				CLANG_WARN_OBJC_ROOT_CLASS = YES_ERROR;
				CLANG_WARN_UNREACHABLE_CODE = YES;
				CLANG_WARN__DUPLICATE_METHOD_MATCH = YES;
				"CODE_SIGN_IDENTITY[sdk=iphoneos*]" = "iPhone Developer";
				COPY_PHASE_STRIP = YES;
				CURRENT_PROJECT_VERSION = 1;
				ENABLE_NS_ASSERTIONS = NO;
				ENABLE_STRICT_OBJC_MSGSEND = YES;
				GCC_C_LANGUAGE_STANDARD = gnu99;
				GCC_WARN_64_TO_32_BIT_CONVERSION = YES;
				GCC_WARN_ABOUT_RETURN_TYPE = YES_ERROR;
				GCC_WARN_UNDECLARED_SELECTOR = YES;
				GCC_WARN_UNINITIALIZED_AUTOS = YES_AGGRESSIVE;
				GCC_WARN_UNUSED_FUNCTION = YES;
				GCC_WARN_UNUSED_VARIABLE = YES;
				IPHONEOS_DEPLOYMENT_TARGET = 8.0;
				METAL_ENABLE_DEBUG_INFO = NO;
				SDKROOT = iphoneos;
				SWIFT_INSTALL_OBJC_HEADER = NO;
				TARGETED_DEVICE_FAMILY = "1,2";
				VALIDATE_PRODUCT = YES;
				VERSIONING_SYSTEM = "apple-generic";
				VERSION_INFO_PREFIX = "";
			};
			name = Release;
		};
		964CB76F1960B2FB00E0C075 /* Debug */ = {
			isa = XCBuildConfiguration;
			buildSettings = {
				CLANG_ENABLE_MODULES = YES;
				CODE_SIGN_IDENTITY = "iPhone Developer";
				DEFINES_MODULE = YES;
				DYLIB_COMPATIBILITY_VERSION = 1;
				DYLIB_CURRENT_VERSION = 1;
				DYLIB_INSTALL_NAME_BASE = "@rpath";
				INFOPLIST_FILE = KanjiVGKit/Info.plist;
				INSTALL_PATH = "$(LOCAL_LIBRARY_DIR)/Frameworks";
				IPHONEOS_DEPLOYMENT_TARGET = 7.1;
				LD_RUNPATH_SEARCH_PATHS = "$(inherited) @executable_path/Frameworks @loader_path/Frameworks";
				PRODUCT_NAME = "$(TARGET_NAME)";
				SKIP_INSTALL = YES;
				SWIFT_INSTALL_OBJC_HEADER = NO;
				SWIFT_OPTIMIZATION_LEVEL = "-Onone";
			};
			name = Debug;
		};
		964CB7701960B2FB00E0C075 /* Release */ = {
			isa = XCBuildConfiguration;
			buildSettings = {
				CLANG_ENABLE_MODULES = YES;
				CLANG_USE_OPTIMIZATION_PROFILE = YES;
				CODE_SIGN_IDENTITY = "iPhone Developer";
				DEFINES_MODULE = YES;
				DYLIB_COMPATIBILITY_VERSION = 1;
				DYLIB_CURRENT_VERSION = 1;
				DYLIB_INSTALL_NAME_BASE = "@rpath";
				INFOPLIST_FILE = KanjiVGKit/Info.plist;
				INSTALL_PATH = "$(LOCAL_LIBRARY_DIR)/Frameworks";
				IPHONEOS_DEPLOYMENT_TARGET = 7.1;
				LD_RUNPATH_SEARCH_PATHS = "$(inherited) @executable_path/Frameworks @loader_path/Frameworks";
				PRODUCT_NAME = "$(TARGET_NAME)";
				SKIP_INSTALL = YES;
				SWIFT_INSTALL_OBJC_HEADER = NO;
			};
			name = Release;
		};
		964CB7721960B2FB00E0C075 /* Debug */ = {
			isa = XCBuildConfiguration;
			buildSettings = {
				FRAMEWORK_SEARCH_PATHS = (
					"$(SDKROOT)/Developer/Library/Frameworks",
					"$(inherited)",
				);
				GCC_PREPROCESSOR_DEFINITIONS = (
					"DEBUG=1",
					"$(inherited)",
				);
				INFOPLIST_FILE = KanjiVGKitTests/Info.plist;
				LD_RUNPATH_SEARCH_PATHS = "$(inherited) @executable_path/Frameworks @loader_path/Frameworks";
				METAL_ENABLE_DEBUG_INFO = YES;
				PRODUCT_NAME = "$(TARGET_NAME)";
				SWIFT_INSTALL_OBJC_HEADER = NO;
			};
			name = Debug;
		};
		964CB7731960B2FB00E0C075 /* Release */ = {
			isa = XCBuildConfiguration;
			buildSettings = {
				FRAMEWORK_SEARCH_PATHS = (
					"$(SDKROOT)/Developer/Library/Frameworks",
					"$(inherited)",
				);
				INFOPLIST_FILE = KanjiVGKitTests/Info.plist;
				LD_RUNPATH_SEARCH_PATHS = "$(inherited) @executable_path/Frameworks @loader_path/Frameworks";
				METAL_ENABLE_DEBUG_INFO = NO;
				PRODUCT_NAME = "$(TARGET_NAME)";
				SWIFT_INSTALL_OBJC_HEADER = NO;
			};
			name = Release;
		};
/* End XCBuildConfiguration section */

/* Begin XCConfigurationList section */
		964CB7521960B2FB00E0C075 /* Build configuration list for PBXProject "KanjiVGKit" */ = {
			isa = XCConfigurationList;
			buildConfigurations = (
				964CB76C1960B2FB00E0C075 /* Debug */,
				964CB76D1960B2FB00E0C075 /* Release */,
			);
			defaultConfigurationIsVisible = 0;
			defaultConfigurationName = Release;
		};
		964CB76E1960B2FB00E0C075 /* Build configuration list for PBXNativeTarget "KanjiVGKit" */ = {
			isa = XCConfigurationList;
			buildConfigurations = (
				964CB76F1960B2FB00E0C075 /* Debug */,
				964CB7701960B2FB00E0C075 /* Release */,
			);
			defaultConfigurationIsVisible = 0;
			defaultConfigurationName = Release;
		};
		964CB7711960B2FB00E0C075 /* Build configuration list for PBXNativeTarget "KanjiVGKitTests" */ = {
			isa = XCConfigurationList;
			buildConfigurations = (
				964CB7721960B2FB00E0C075 /* Debug */,
				964CB7731960B2FB00E0C075 /* Release */,
			);
			defaultConfigurationIsVisible = 0;
			defaultConfigurationName = Release;
		};
/* End XCConfigurationList section */
	};
	rootObject = 964CB74F1960B2FB00E0C075 /* Project object */;
}
